
Microsoft Visual Studio Solution File, Format Version 11.00
# Visual Studio 2010
Project("{FAE04EC0-301F-11D3-BF4B-00C04F79EFBC}") = "Mediapipe.Unity.Sample", "Mediapipe.Unity.Sample.csproj", "{84202cc0-e862-6e64-099e-fa8ade36ab98}"
EndProject
Project("{FAE04EC0-301F-11D3-BF4B-00C04F79EFBC}") = "Assembly-CSharp-Editor", "Assembly-CSharp-Editor.csproj", "{e655c10b-bb38-8117-7a1c-999a62d5e49b}"
EndProject
Project("{FAE04EC0-301F-11D3-BF4B-00C04F79EFBC}") = "Assembly-CSharp", "Assembly-CSharp.csproj", "{cfa61549-91c7-25aa-8139-9dd8aa672d5f}"
EndProject
Global
	GlobalSection(SolutionConfigurationPlatforms) = preSolution
		Debug|Any CPU = Debug|Any CPU
	EndGlobalSection
	GlobalSection(ProjectConfigurationPlatforms) = postSolution
		{84202cc0-e862-6e64-099e-fa8ade36ab98}.Debug|Any CPU.ActiveCfg = Debug|Any CPU
		{84202cc0-e862-6e64-099e-fa8ade36ab98}.Debug|Any CPU.Build.0 = Debug|Any CPU
		{e655c10b-bb38-8117-7a1c-999a62d5e49b}.Debug|Any CPU.ActiveCfg = Debug|Any CPU
		{e655c10b-bb38-8117-7a1c-999a62d5e49b}.Debug|Any CPU.Build.0 = Debug|Any CPU
		{cfa61549-91c7-25aa-8139-9dd8aa672d5f}.Debug|Any CPU.ActiveCfg = Debug|Any CPU
		{cfa61549-91c7-25aa-8139-9dd8aa672d5f}.Debug|Any CPU.Build.0 = Debug|Any CPU
	EndGlobalSection
	GlobalSection(SolutionProperties) = preSolution
		HideSolutionNode = FALSE
	EndGlobalSection
EndGlobal
